
Microsoft Visual Studio Solution File, Format Version 12.00
# Visual Studio Version 16
VisualStudioVersion = 16.0.30128.74
MinimumVisualStudioVersion = 10.0.40219.1
Project("{FAE04EC0-301F-11D3-BF4B-00C04F79EFBC}") = "Product", "Product.csproj", "{7F8F124B-4A7F-4219-BC24-2C810DEF5449}"
EndProject
Global
	GlobalSection(SolutionConfigurationPlatforms) = preSolution
		Debug|Any CPU = Debug|Any CPU
		Release|Any CPU = Release|Any CPU
	EndGlobalSection
	GlobalSection(ProjectConfigurationPlatforms) = postSolution
		{7F8F124B-4A7F-4219-BC24-2C810DEF5449}.Debug|Any CPU.ActiveCfg = Debug|Any CPU
		{7F8F124B-4A7F-4219-BC24-2C810DEF5449}.Debug|Any CPU.Build.0 = Debug|Any CPU
		{7F8F124B-4A7F-4219-BC24-2C810DEF5449}.Release|Any CPU.ActiveCfg = Release|Any CPU
		{7F8F124B-4A7F-4219-BC24-2C810DEF5449}.Release|Any CPU.Build.0 = Release|Any CPU
	EndGlobalSection
	GlobalSection(SolutionProperties) = preSolution
		HideSolutionNode = FALSE
	EndGlobalSection
	GlobalSection(ExtensibilityGlobals) = postSolution
		SolutionGuid = {978AC924-2B15-4655-B4AD-807AAD4006DA}
	EndGlobalSection
EndGlobal
